<?xml version="1.0" encoding="UTF-8" standalone="yes" ?>
<CodeBlocks_project_file>
	<FileVersion major="1" minor="6" />
	<Project>
		<Option title="wxSQLite+" />
		<Option pch_mode="2" />
		<Option compiler="gcc" />
		<Build>
			<Target title="Debug">
				<Option output="bin/Debug/wxSQLite+" prefix_auto="1" extension_auto="1" />
				<Option object_output="obj/Debug/" />
				<Option type="0" />
				<Option compiler="gcc" />
				<Option projectLinkerOptionsRelation="2" />
				<Compiler>
					<Add option="-g" />
					<Add option="-DDEBUG" />
				</Compiler>
			</Target>
			<Target title="Release">
				<Option output="bin/Release/wxSQLite+" prefix_auto="1" extension_auto="1" />
				<Option object_output="obj/Release/" />
				<Option type="0" />
				<Option compiler="gcc" />
				<Option projectLinkerOptionsRelation="2" />
				<Compiler>
					<Add option="-O2" />
				</Compiler>
				<Linker>
					<Add option="-s" />
				</Linker>
			</Target>
		</Build>
		<Compiler>
			<Add option="-I/home/fred/projets/wxGTK-2.8.9/build/lib/wx/include/gtk2-unicode-release-static-2.8 -I/home/fred/projets/wxGTK-2.8.9/include -I/home/fred/projets/wxGTK-2.8.9/contrib/include -D_FILE_OFFSET_BITS=64 -D_LARGE_FILES -D__WXGTK__ -DSQLITE_HAS_CODEC -DWXSQLITE3_HAVE_CODEC -DSQLITE_CORE -DSQLITE_ENABLE_FTS3 -DSQLITE_ENABLE_RTREE" />
			<Add directory="/home/fred/projets/wxsqlite3-1.9.5/include" />
			<Add directory="/home/fred/projets/wxsqlite3-1.9.5/include/wx" />
			<Add directory="/home/fred/projets/sqlite-3.6.14" />
			<Add directory="/home/fred/projets/wxGTK-2.8.9/build/lib/wx" />
			<Add directory="/home/fred/projets/wxGTK-2.8.9/build/lib/wx/include" />
			<Add directory="/home/fred/projets/wxGTK-2.8.9/build/lib/wx/include/gtk2-unicode-release-static-2.8" />
			<Add directory="/home/fred/projets/wxGTK-2.8.9/contrib/include" />
			<Add directory="/home/fred/projets/wxGTK-2.8.9/contrib/include/wx" />
			<Add directory="/home/fred/projets/wxGTK-2.8.9/include" />
		</Compiler>
		<Linker>
			<Add option="-L/home/fred/projets/wxGTK-2.8.9/build/lib -pthread  /home/fred/projets/wxGTK-2.8.9/build/lib/libwx_gtk2u_stc-2.8.a  /home/fred/projets/wxGTK-2.8.9/build/lib/libwx_gtk2u_richtext-2.8.a /home/fred/projets/wxGTK-2.8.9/build/lib/libwx_gtk2u_aui-2.8.a /home/fred/projets/wxGTK-2.8.9/build/lib/libwx_gtk2u_xrc-2.8.a /home/fred/projets/wxGTK-2.8.9/build/lib/libwx_gtk2u_qa-2.8.a /home/fred/projets/wxGTK-2.8.9/build/lib/libwx_gtk2u_html-2.8.a /home/fred/projets/wxGTK-2.8.9/build/lib/libwx_gtk2u_adv-2.8.a /home/fred/projets/wxGTK-2.8.9/build/lib/libwx_gtk2u_core-2.8.a /home/fred/projets/wxGTK-2.8.9/build/lib/libwx_baseu_xml-2.8.a /home/fred/projets/wxGTK-2.8.9/build/lib/libwx_baseu_net-2.8.a /home/fred/projets/wxGTK-2.8.9/build/lib/libwx_baseu-2.8.a -pthread -lgtk-x11-2.0 -lgdk-x11-2.0 -latk-1.0 -lgio-2.0 -lpangoft2-1.0 -lgdk_pixbuf-2.0 -lpango-1.0 -lfreetype -lfontconfig -lgobject-2.0 -lgmodule-2.0 -lgthread-2.0 -lrt -lglib-2.0 -lXinerama -lXxf86vm -lSM -lpng -lwxregexu-2.8 -lwxexpat-2.8 -lwxtiff-2.8 -lwxjpeg-2.8 -lz -ldl -lm" />
		</Linker>
		<Unit filename="../sqlite-3.6.14/alter.c">
			<Option compilerVar="CC" />
		</Unit>
		<Unit filename="../sqlite-3.6.14/analyze.c">
			<Option compilerVar="CC" />
		</Unit>
		<Unit filename="../sqlite-3.6.14/attach.c">
			<Option compilerVar="CC" />
		</Unit>
		<Unit filename="../sqlite-3.6.14/auth.c">
			<Option compilerVar="CC" />
		</Unit>
		<Unit filename="../sqlite-3.6.14/backup.c">
			<Option compilerVar="CC" />
		</Unit>
		<Unit filename="../sqlite-3.6.14/bitvec.c">
			<Option compilerVar="CC" />
		</Unit>
		<Unit filename="../sqlite-3.6.14/btmutex.c">
			<Option compilerVar="CC" />
		</Unit>
		<Unit filename="../sqlite-3.6.14/btree.c">
			<Option compilerVar="CC" />
		</Unit>
		<Unit filename="../sqlite-3.6.14/build.c">
			<Option compilerVar="CC" />
		</Unit>
		<Unit filename="../sqlite-3.6.14/callback.c">
			<Option compilerVar="CC" />
		</Unit>
		<Unit filename="../sqlite-3.6.14/codec.cpp" />
		<Unit filename="../sqlite-3.6.14/codecext.cpp" />
		<Unit filename="../sqlite-3.6.14/complete.c">
			<Option compilerVar="CC" />
		</Unit>
		<Unit filename="../sqlite-3.6.14/date.c">
			<Option compilerVar="CC" />
		</Unit>
		<Unit filename="../sqlite-3.6.14/delete.c">
			<Option compilerVar="CC" />
		</Unit>
		<Unit filename="../sqlite-3.6.14/expr.c">
			<Option compilerVar="CC" />
		</Unit>
		<Unit filename="../sqlite-3.6.14/fault.c">
			<Option compilerVar="CC" />
		</Unit>
		<Unit filename="../sqlite-3.6.14/fts3.c">
			<Option compilerVar="CC" />
		</Unit>
		<Unit filename="../sqlite-3.6.14/fts3_expr.c">
			<Option compilerVar="CC" />
		</Unit>
		<Unit filename="../sqlite-3.6.14/fts3_hash.c">
			<Option compilerVar="CC" />
		</Unit>
		<Unit filename="../sqlite-3.6.14/fts3_icu.c">
			<Option compilerVar="CC" />
		</Unit>
		<Unit filename="../sqlite-3.6.14/fts3_porter.c">
			<Option compilerVar="CC" />
		</Unit>
		<Unit filename="../sqlite-3.6.14/fts3_tokenizer.c">
			<Option compilerVar="CC" />
		</Unit>
		<Unit filename="../sqlite-3.6.14/fts3_tokenizer1.c">
			<Option compilerVar="CC" />
		</Unit>
		<Unit filename="../sqlite-3.6.14/func.c">
			<Option compilerVar="CC" />
		</Unit>
		<Unit filename="../sqlite-3.6.14/global.c">
			<Option compilerVar="CC" />
		</Unit>
		<Unit filename="../sqlite-3.6.14/hash.c">
			<Option compilerVar="CC" />
		</Unit>
		<Unit filename="../sqlite-3.6.14/insert.c">
			<Option compilerVar="CC" />
		</Unit>
		<Unit filename="../sqlite-3.6.14/journal.c">
			<Option compilerVar="CC" />
		</Unit>
		<Unit filename="../sqlite-3.6.14/legacy.c">
			<Option compilerVar="CC" />
		</Unit>
		<Unit filename="../sqlite-3.6.14/loadext.c">
			<Option compilerVar="CC" />
		</Unit>
		<Unit filename="../sqlite-3.6.14/main.c">
			<Option compilerVar="CC" />
		</Unit>
		<Unit filename="../sqlite-3.6.14/malloc.c">
			<Option compilerVar="CC" />
		</Unit>
		<Unit filename="../sqlite-3.6.14/mem0.c">
			<Option compilerVar="CC" />
		</Unit>
		<Unit filename="../sqlite-3.6.14/mem1.c">
			<Option compilerVar="CC" />
		</Unit>
		<Unit filename="../sqlite-3.6.14/mem2.c">
			<Option compilerVar="CC" />
		</Unit>
		<Unit filename="../sqlite-3.6.14/mem3.c">
			<Option compilerVar="CC" />
		</Unit>
		<Unit filename="../sqlite-3.6.14/mem5.c">
			<Option compilerVar="CC" />
		</Unit>
		<Unit filename="../sqlite-3.6.14/memjournal.c">
			<Option compilerVar="CC" />
		</Unit>
		<Unit filename="../sqlite-3.6.14/mutex.c">
			<Option compilerVar="CC" />
		</Unit>
		<Unit filename="../sqlite-3.6.14/mutex_noop.c">
			<Option compilerVar="CC" />
		</Unit>
		<Unit filename="../sqlite-3.6.14/mutex_os2.c">
			<Option compilerVar="CC" />
		</Unit>
		<Unit filename="../sqlite-3.6.14/mutex_unix.c">
			<Option compilerVar="CC" />
		</Unit>
		<Unit filename="../sqlite-3.6.14/mutex_w32.c">
			<Option compilerVar="CC" />
		</Unit>
		<Unit filename="../sqlite-3.6.14/notify.c">
			<Option compilerVar="CC" />
		</Unit>
		<Unit filename="../sqlite-3.6.14/opcodes.c">
			<Option compilerVar="CC" />
		</Unit>
		<Unit filename="../sqlite-3.6.14/os.c">
			<Option compilerVar="CC" />
		</Unit>
		<Unit filename="../sqlite-3.6.14/os_os2.c">
			<Option compilerVar="CC" />
		</Unit>
		<Unit filename="../sqlite-3.6.14/os_unix.c">
			<Option compilerVar="CC" />
		</Unit>
		<Unit filename="../sqlite-3.6.14/os_win.c">
			<Option compilerVar="CC" />
		</Unit>
		<Unit filename="../sqlite-3.6.14/pager_secure.c">
			<Option compilerVar="CC" />
		</Unit>
		<Unit filename="../sqlite-3.6.14/parse.c">
			<Option compilerVar="CC" />
		</Unit>
		<Unit filename="../sqlite-3.6.14/pcache.c">
			<Option compilerVar="CC" />
		</Unit>
		<Unit filename="../sqlite-3.6.14/pcache1.c">
			<Option compilerVar="CC" />
		</Unit>
		<Unit filename="../sqlite-3.6.14/pragma.c">
			<Option compilerVar="CC" />
		</Unit>
		<Unit filename="../sqlite-3.6.14/prepare.c">
			<Option compilerVar="CC" />
		</Unit>
		<Unit filename="../sqlite-3.6.14/printf.c">
			<Option compilerVar="CC" />
		</Unit>
		<Unit filename="../sqlite-3.6.14/random.c">
			<Option compilerVar="CC" />
		</Unit>
		<Unit filename="../sqlite-3.6.14/resolve.c">
			<Option compilerVar="CC" />
		</Unit>
		<Unit filename="../sqlite-3.6.14/rijndael.cpp" />
		<Unit filename="../sqlite-3.6.14/rowset.c">
			<Option compilerVar="CC" />
		</Unit>
		<Unit filename="../sqlite-3.6.14/rtree.c">
			<Option compilerVar="CC" />
		</Unit>
		<Unit filename="../sqlite-3.6.14/select.c">
			<Option compilerVar="CC" />
		</Unit>
		<Unit filename="../sqlite-3.6.14/status.c">
			<Option compilerVar="CC" />
		</Unit>
		<Unit filename="../sqlite-3.6.14/table.c">
			<Option compilerVar="CC" />
		</Unit>
		<Unit filename="../sqlite-3.6.14/tokenize.c">
			<Option compilerVar="CC" />
		</Unit>
		<Unit filename="../sqlite-3.6.14/trigger.c">
			<Option compilerVar="CC" />
		</Unit>
		<Unit filename="../sqlite-3.6.14/update.c">
			<Option compilerVar="CC" />
		</Unit>
		<Unit filename="../sqlite-3.6.14/utf.c">
			<Option compilerVar="CC" />
		</Unit>
		<Unit filename="../sqlite-3.6.14/util.c">
			<Option compilerVar="CC" />
		</Unit>
		<Unit filename="../sqlite-3.6.14/vacuum.c">
			<Option compilerVar="CC" />
		</Unit>
		<Unit filename="../sqlite-3.6.14/vdbe.c">
			<Option compilerVar="CC" />
		</Unit>
		<Unit filename="../sqlite-3.6.14/vdbeapi.c">
			<Option compilerVar="CC" />
		</Unit>
		<Unit filename="../sqlite-3.6.14/vdbeaux.c">
			<Option compilerVar="CC" />
		</Unit>
		<Unit filename="../sqlite-3.6.14/vdbeblob.c">
			<Option compilerVar="CC" />
		</Unit>
		<Unit filename="../sqlite-3.6.14/vdbemem.c">
			<Option compilerVar="CC" />
		</Unit>
		<Unit filename="../sqlite-3.6.14/vtab.c">
			<Option compilerVar="CC" />
		</Unit>
		<Unit filename="../sqlite-3.6.14/walker.c">
			<Option compilerVar="CC" />
		</Unit>
		<Unit filename="../sqlite-3.6.14/where.c">
			<Option compilerVar="CC" />
		</Unit>
		<Unit filename="aboutdlg.cpp" />
		<Unit filename="addcolumn.cpp" />
		<Unit filename="attachdbdlg.cpp" />
		<Unit filename="backrestdlg.cpp" />
		<Unit filename="blobdlg.cpp" />
		<Unit filename="createindex.cpp" />
		<Unit filename="createtable.cpp" />
		<Unit filename="createtrigger.cpp" />
		<Unit filename="createview.cpp" />
		<Unit filename="dbbook.cpp" />
		<Unit filename="describedlg.cpp" />
		<Unit filename="detachdbdlg.cpp" />
		<Unit filename="dropobject.cpp" />
		<Unit filename="encrypkeydlg.cpp" />
		<Unit filename="filterdlg.cpp" />
		<Unit filename="indexbook.cpp" />
		<Unit filename="ipcframe.cpp" />
		<Unit filename="paneldata.cpp" />
		<Unit filename="preferences.cpp" />
		<Unit filename="sortdlg.cpp" />
		<Unit filename="specgrid.cpp" />
		<Unit filename="sqlbook.cpp" />
		<Unit filename="sqleditor.cpp" />
		<Unit filename="sqlhistory.cpp" />
		<Unit filename="sqlite3table.cpp" />
		<Unit filename="sqliteplusframe.cpp" />
		<Unit filename="sqlparameters.cpp" />
		<Unit filename="tablebook.cpp" />
		<Unit filename="triggerbook.cpp" />
		<Unit filename="triggerparser.cpp" />
		<Unit filename="viewbook.cpp" />
		<Unit filename="wxsqliteplusapp.cpp" />
		<Unit filename="../wxsqlite3-1.9.5/src/wxsqlite3.cpp" />
		<Extensions>
			<code_completion />
			<debugger />
		</Extensions>
	</Project>
</CodeBlocks_project_file>
